// !$*UTF8*$!
{
	archiveVersion = 1;
	classes = {
	};
	objectVersion = 46;
	objects = {

/* Begin PBXBuildFile section */
		35A40FBC20430849005E74E2 /* Assets.xcassets in Resources */ = {isa = PBXBuildFile; fileRef = 35A40FBB20430849005E74E2 /* Assets.xcassets */; };
		35D07AB72038F24600C39A99 /* App.swift in Sources */ = {isa = PBXBuildFile; fileRef = 35D07AB62038F24600C39A99 /* App.swift */; };
		655946301F3D6F0D00EB6B64 /* AppDelegate.swift in Sources */ = {isa = PBXBuildFile; fileRef = 6559462F1F3D6F0D00EB6B64 /* AppDelegate.swift */; };
		6559463A1F3D6F0D00EB6B64 /* LaunchScreen.storyboard in Resources */ = {isa = PBXBuildFile; fileRef = 655946381F3D6F0D00EB6B64 /* LaunchScreen.storyboard */; };
		6591FDD2245E170600F8EEF8 /* CategoryCell.swift in Sources */ = {isa = PBXBuildFile; fileRef = 6591FDD1245E170600F8EEF8 /* CategoryCell.swift */; };
		6591FDD5245E6EC000F8EEF8 /* Selectable.swift in Sources */ = {isa = PBXBuildFile; fileRef = 6591FDD4245E6EC000F8EEF8 /* Selectable.swift */; };
		6591FDD7245E6F4C00F8EEF8 /* Response.swift in Sources */ = {isa = PBXBuildFile; fileRef = 6591FDD6245E6F4C00F8EEF8 /* Response.swift */; };
		6591FDD9245E6F9E00F8EEF8 /* Category.swift in Sources */ = {isa = PBXBuildFile; fileRef = 6591FDD8245E6F9E00F8EEF8 /* Category.swift */; };
		65D42109245E07FE00E04937 /* AppCell.swift in Sources */ = {isa = PBXBuildFile; fileRef = 65D42108245E07FE00E04937 /* AppCell.swift */; };
		65F9F4F020263D920036747A /* DataSource.swift in Sources */ = {isa = PBXBuildFile; fileRef = 65F9F4EF20263D920036747A /* DataSource.swift */; };
		65F9F4F220263FCA0036747A /* ScreenshotCell.swift in Sources */ = {isa = PBXBuildFile; fileRef = 65F9F4F120263FCA0036747A /* ScreenshotCell.swift */; };
		D60566C81F60492D00B505B5 /* ListController.swift in Sources */ = {isa = PBXBuildFile; fileRef = D60566C71F60492D00B505B5 /* ListController.swift */; };
		D620516F1F60634400F87F6A /* ScreenshotsController.swift in Sources */ = {isa = PBXBuildFile; fileRef = D620516E1F60634400F87F6A /* ScreenshotsController.swift */; };
		D6B20A3E1F5EFC7800CE1012 /* Coordinator.swift in Sources */ = {isa = PBXBuildFile; fileRef = D6B20A3D1F5EFC7800CE1012 /* Coordinator.swift */; };
/* End PBXBuildFile section */

/* Begin PBXFileReference section */
		35A40FBB20430849005E74E2 /* Assets.xcassets */ = {isa = PBXFileReference; lastKnownFileType = folder.assetcatalog; path = Assets.xcassets; sourceTree = "<group>"; };
		35D07AB62038F24600C39A99 /* App.swift */ = {isa = PBXFileReference; lastKnownFileType = sourcecode.swift; path = App.swift; sourceTree = "<group>"; };
		6559462C1F3D6F0D00EB6B64 /* osia.app */ = {isa = PBXFileReference; explicitFileType = wrapper.application; includeInIndex = 0; path = osia.app; sourceTree = BUILT_PRODUCTS_DIR; };
		6559462F1F3D6F0D00EB6B64 /* AppDelegate.swift */ = {isa = PBXFileReference; lastKnownFileType = sourcecode.swift; path = AppDelegate.swift; sourceTree = "<group>"; };
		655946391F3D6F0D00EB6B64 /* Base */ = {isa = PBXFileReference; lastKnownFileType = file.storyboard; name = Base; path = Base.lproj/LaunchScreen.storyboard; sourceTree = "<group>"; };
		6559463B1F3D6F0D00EB6B64 /* Info.plist */ = {isa = PBXFileReference; lastKnownFileType = text.plist.xml; path = Info.plist; sourceTree = "<group>"; };
		6591FDD1245E170600F8EEF8 /* CategoryCell.swift */ = {isa = PBXFileReference; lastKnownFileType = sourcecode.swift; path = CategoryCell.swift; sourceTree = "<group>"; };
		6591FDD4245E6EC000F8EEF8 /* Selectable.swift */ = {isa = PBXFileReference; lastKnownFileType = sourcecode.swift; path = Selectable.swift; sourceTree = "<group>"; };
		6591FDD6245E6F4C00F8EEF8 /* Response.swift */ = {isa = PBXFileReference; lastKnownFileType = sourcecode.swift; path = Response.swift; sourceTree = "<group>"; };
		6591FDD8245E6F9E00F8EEF8 /* Category.swift */ = {isa = PBXFileReference; lastKnownFileType = sourcecode.swift; path = Category.swift; sourceTree = "<group>"; };
		65D42108245E07FE00E04937 /* AppCell.swift */ = {isa = PBXFileReference; lastKnownFileType = sourcecode.swift; path = AppCell.swift; sourceTree = "<group>"; };
		65F9F4EF20263D920036747A /* DataSource.swift */ = {isa = PBXFileReference; lastKnownFileType = sourcecode.swift; path = DataSource.swift; sourceTree = "<group>"; };
		65F9F4F120263FCA0036747A /* ScreenshotCell.swift */ = {isa = PBXFileReference; lastKnownFileType = sourcecode.swift; path = ScreenshotCell.swift; sourceTree = "<group>"; };
		D60566C71F60492D00B505B5 /* ListController.swift */ = {isa = PBXFileReference; fileEncoding = 4; lastKnownFileType = sourcecode.swift; path = ListController.swift; sourceTree = "<group>"; };
		D620516E1F60634400F87F6A /* ScreenshotsController.swift */ = {isa = PBXFileReference; fileEncoding = 4; lastKnownFileType = sourcecode.swift; path = ScreenshotsController.swift; sourceTree = "<group>"; };
		D6B20A3D1F5EFC7800CE1012 /* Coordinator.swift */ = {isa = PBXFileReference; fileEncoding = 4; lastKnownFileType = sourcecode.swift; path = Coordinator.swift; sourceTree = "<group>"; };
/* End PBXFileReference section */

/* Begin PBXFrameworksBuildPhase section */
		655946291F3D6F0D00EB6B64 /* Frameworks */ = {
			isa = PBXFrameworksBuildPhase;
			buildActionMask = 2147483647;
			files = (
			);
			runOnlyForDeploymentPostprocessing = 0;
		};
/* End PBXFrameworksBuildPhase section */

/* Begin PBXGroup section */
		35D07AAD2038F18200C39A99 /* Models */ = {
			isa = PBXGroup;
			children = (
				35D07AB62038F24600C39A99 /* App.swift */,
				6591FDD8245E6F9E00F8EEF8 /* Category.swift */,
				6591FDD6245E6F4C00F8EEF8 /* Response.swift */,
			);
			path = Models;
			sourceTree = "<group>";
		};
		35D07AB02038F1B800C39A99 /* Support Files */ = {
			isa = PBXGroup;
			children = (
				6559463B1F3D6F0D00EB6B64 /* Info.plist */,
				655946381F3D6F0D00EB6B64 /* LaunchScreen.storyboard */,
			);
			name = "Support Files";
			sourceTree = "<group>";
		};
		655946231F3D6F0D00EB6B64 = {
			isa = PBXGroup;
			children = (
				6559462E1F3D6F0D00EB6B64 /* osia */,
				6559462D1F3D6F0D00EB6B64 /* Products */,
			);
			sourceTree = "<group>";
		};
		6559462D1F3D6F0D00EB6B64 /* Products */ = {
			isa = PBXGroup;
			children = (
				6559462C1F3D6F0D00EB6B64 /* osia.app */,
			);
			name = Products;
			sourceTree = "<group>";
		};
		6559462E1F3D6F0D00EB6B64 /* osia */ = {
			isa = PBXGroup;
			children = (
				6559462F1F3D6F0D00EB6B64 /* AppDelegate.swift */,
				D6B20A3D1F5EFC7800CE1012 /* Coordinator.swift */,
				65F9F4EF20263D920036747A /* DataSource.swift */,
				65F9F4F120263FCA0036747A /* ScreenshotCell.swift */,
				D620516E1F60634400F87F6A /* ScreenshotsController.swift */,
				6591FDD4245E6EC000F8EEF8 /* Selectable.swift */,
				35A40FBB20430849005E74E2 /* Assets.xcassets */,
				6591FDD3245E30C600F8EEF8 /* List */,
				35D07AAD2038F18200C39A99 /* Models */,
				35D07AB02038F1B800C39A99 /* Support Files */,
			);
			path = osia;
			sourceTree = "<group>";
		};
		6591FDD3245E30C600F8EEF8 /* List */ = {
			isa = PBXGroup;
			children = (
				65D42108245E07FE00E04937 /* AppCell.swift */,
				6591FDD1245E170600F8EEF8 /* CategoryCell.swift */,
				D60566C71F60492D00B505B5 /* ListController.swift */,
			);
			path = List;
			sourceTree = "<group>";
		};
/* End PBXGroup section */

/* Begin PBXNativeTarget section */
		6559462B1F3D6F0D00EB6B64 /* osia */ = {
			isa = PBXNativeTarget;
			buildConfigurationList = 6559463E1F3D6F0D00EB6B64 /* Build configuration list for PBXNativeTarget "osia" */;
			buildPhases = (
				655946281F3D6F0D00EB6B64 /* Sources */,
				655946291F3D6F0D00EB6B64 /* Frameworks */,
				6559462A1F3D6F0D00EB6B64 /* Resources */,
			);
			buildRules = (
			);
			dependencies = (
			);
			name = osia;
			productName = osia;
			productReference = 6559462C1F3D6F0D00EB6B64 /* osia.app */;
			productType = "com.apple.product-type.application";
		};
/* End PBXNativeTarget section */

/* Begin PBXProject section */
		655946241F3D6F0D00EB6B64 /* Project object */ = {
			isa = PBXProject;
			attributes = {
				LastSwiftUpdateCheck = 0830;
				LastUpgradeCheck = 0830;
				ORGANIZATIONNAME = "Daniel Khamsing";
				TargetAttributes = {
					6559462B1F3D6F0D00EB6B64 = {
						CreatedOnToolsVersion = 8.3.2;
						ProvisioningStyle = Automatic;
					};
				};
			};
			buildConfigurationList = 655946271F3D6F0D00EB6B64 /* Build configuration list for PBXProject "osia" */;
			compatibilityVersion = "Xcode 3.2";
			developmentRegion = en;
			hasScannedForEncodings = 0;
			knownRegions = (
				en,
				Base,
			);
			mainGroup = 655946231F3D6F0D00EB6B64;
			productRefGroup = 6559462D1F3D6F0D00EB6B64 /* Products */;
			projectDirPath = "";
			projectRoot = "";
			targets = (
				6559462B1F3D6F0D00EB6B64 /* osia */,
			);
		};
/* End PBXProject section */

/* Begin PBXResourcesBuildPhase section */
		6559462A1F3D6F0D00EB6B64 /* Resources */ = {
			isa = PBXResourcesBuildPhase;
			buildActionMask = 2147483647;
			files = (
				35A40FBC20430849005E74E2 /* Assets.xcassets in Resources */,
				6559463A1F3D6F0D00EB6B64 /* LaunchScreen.storyboard in Resources */,
			);
			runOnlyForDeploymentPostprocessing = 0;
		};
/* End PBXResourcesBuildPhase section */

/* Begin PBXSourcesBuildPhase section */
		655946281F3D6F0D00EB6B64 /* Sources */ = {
			isa = PBXSourcesBuildPhase;
			buildActionMask = 2147483647;
			files = (
				65F9F4F020263D920036747A /* DataSource.swift in Sources */,
				D6B20A3E1F5EFC7800CE1012 /* Coordinator.swift in Sources */,
				35D07AB72038F24600C39A99 /* App.swift in Sources */,
				6591FDD7245E6F4C00F8EEF8 /* Response.swift in Sources */,
				D60566C81F60492D00B505B5 /* ListController.swift in Sources */,
				D620516F1F60634400F87F6A /* ScreenshotsController.swift in Sources */,
				65D42109245E07FE00E04937 /* AppCell.swift in Sources */,
				655946301F3D6F0D00EB6B64 /* AppDelegate.swift in Sources */,
				65F9F4F220263FCA0036747A /* ScreenshotCell.swift in Sources */,
				6591FDD5245E6EC000F8EEF8 /* Selectable.swift in Sources */,
				6591FDD2245E170600F8EEF8 /* CategoryCell.swift in Sources */,
				6591FDD9245E6F9E00F8EEF8 /* Category.swift in Sources */,
			);
			runOnlyForDeploymentPostprocessing = 0;
		};
/* End PBXSourcesBuildPhase section */

/* Begin PBXVariantGroup section */
		655946381F3D6F0D00EB6B64 /* LaunchScreen.storyboard */ = {
			isa = PBXVariantGroup;
			children = (
				655946391F3D6F0D00EB6B64 /* Base */,
			);
			name = LaunchScreen.storyboard;
			sourceTree = "<group>";
		};
/* End PBXVariantGroup section */

/* Begin XCBuildConfiguration section */
		6559463C1F3D6F0D00EB6B64 /* Debug */ = {
			isa = XCBuildConfiguration;
			buildSettings = {
				ALWAYS_SEARCH_USER_PATHS = NO;
				CLANG_ANALYZER_NONNULL = YES;
				CLANG_ANALYZER_NUMBER_OBJECT_CONVERSION = YES_AGGRESSIVE;
				CLANG_CXX_LANGUAGE_STANDARD = "gnu++0x";
				CLANG_CXX_LIBRARY = "libc++";
				CLANG_ENABLE_MODULES = YES;
				CLANG_ENABLE_OBJC_ARC = YES;
				CLANG_WARN_BOOL_CONVERSION = YES;
				CLANG_WARN_CONSTANT_CONVERSION = YES;
				CLANG_WARN_DIRECT_OBJC_ISA_USAGE = YES_ERROR;
				CLANG_WARN_DOCUMENTATION_COMMENTS = YES;
				CLANG_WARN_EMPTY_BODY = YES;
				CLANG_WARN_ENUM_CONVERSION = YES;
				CLANG_WARN_INFINITE_RECURSION = YES;
				CLANG_WARN_INT_CONVERSION = YES;
				CLANG_WARN_OBJC_ROOT_CLASS = YES_ERROR;
				CLANG_WARN_SUSPICIOUS_MOVE = YES;
				CLANG_WARN_UNREACHABLE_CODE = YES;
				CLANG_WARN__DUPLICATE_METHOD_MATCH = YES;
				"CODE_SIGN_IDENTITY[sdk=iphoneos*]" = "iPhone Developer";
				COPY_PHASE_STRIP = NO;
				DEBUG_INFORMATION_FORMAT = dwarf;
				ENABLE_STRICT_OBJC_MSGSEND = YES;
				ENABLE_TESTABILITY = YES;
				GCC_C_LANGUAGE_STANDARD = gnu99;
				GCC_DYNAMIC_NO_PIC = NO;
				GCC_NO_COMMON_BLOCKS = YES;
				GCC_OPTIMIZATION_LEVEL = 0;
				GCC_PREPROCESSOR_DEFINITIONS = (
					"DEBUG=1",
					"$(inherited)",
				);
				GCC_WARN_64_TO_32_BIT_CONVERSION = YES;
				GCC_WARN_ABOUT_RETURN_TYPE = YES_ERROR;
				GCC_WARN_UNDECLARED_SELECTOR = YES;
				GCC_WARN_UNINITIALIZED_AUTOS = YES_AGGRESSIVE;
				GCC_WARN_UNUSED_FUNCTION = YES;
				GCC_WARN_UNUSED_VARIABLE = YES;
				IPHONEOS_DEPLOYMENT_TARGET = 12.0;
				MTL_ENABLE_DEBUG_INFO = YES;
				ONLY_ACTIVE_ARCH = YES;
				SDKROOT = iphoneos;
				SWIFT_ACTIVE_COMPILATION_CONDITIONS = DEBUG;
				SWIFT_OPTIMIZATION_LEVEL = "-Onone";
				TARGETED_DEVICE_FAMILY = "1,2";
			};
			name = Debug;
		};
		6559463D1F3D6F0D00EB6B64 /* Release */ = {
			isa = XCBuildConfiguration;
			buildSettings = {
				ALWAYS_SEARCH_USER_PATHS = NO;
				CLANG_ANALYZER_NONNULL = YES;
				CLANG_ANALYZER_NUMBER_OBJECT_CONVERSION = YES_AGGRESSIVE;
				CLANG_CXX_LANGUAGE_STANDARD = "gnu++0x";
				CLANG_CXX_LIBRARY = "libc++";
				CLANG_ENABLE_MODULES = YES;
				CLANG_ENABLE_OBJC_ARC = YES;
				CLANG_WARN_BOOL_CONVERSION = YES;
				CLANG_WARN_CONSTANT_CONVERSION = YES;
				CLANG_WARN_DIRECT_OBJC_ISA_USAGE = YES_ERROR;
				CLANG_WARN_DOCUMENTATION_COMMENTS = YES;
				CLANG_WARN_EMPTY_BODY = YES;
				CLANG_WARN_ENUM_CONVERSION = YES;
				CLANG_WARN_INFINITE_RECURSION = YES;
				CLANG_WARN_INT_CONVERSION = YES;
				CLANG_WARN_OBJC_ROOT_CLASS = YES_ERROR;
				CLANG_WARN_SUSPICIOUS_MOVE = YES;
				CLANG_WARN_UNREACHABLE_CODE = YES;
				CLANG_WARN__DUPLICATE_METHOD_MATCH = YES;
				"CODE_SIGN_IDENTITY[sdk=iphoneos*]" = "iPhone Developer";
				COPY_PHASE_STRIP = NO;
				DEBUG_INFORMATION_FORMAT = "dwarf-with-dsym";
				ENABLE_NS_ASSERTIONS = NO;
				ENABLE_STRICT_OBJC_MSGSEND = YES;
				GCC_C_LANGUAGE_STANDARD = gnu99;
				GCC_NO_COMMON_BLOCKS = YES;
				GCC_WARN_64_TO_32_BIT_CONVERSION = YES;
				GCC_WARN_ABOUT_RETURN_TYPE = YES_ERROR;
				GCC_WARN_UNDECLARED_SELECTOR = YES;
				GCC_WARN_UNINITIALIZED_AUTOS = YES_AGGRESSIVE;
				GCC_WARN_UNUSED_FUNCTION = YES;
				GCC_WARN_UNUSED_VARIABLE = YES;
				IPHONEOS_DEPLOYMENT_TARGET = 12.0;
				MTL_ENABLE_DEBUG_INFO = NO;
				SDKROOT = iphoneos;
				SWIFT_OPTIMIZATION_LEVEL = "-Owholemodule";
				TARGETED_DEVICE_FAMILY = "1,2";
				VALIDATE_PRODUCT = YES;
			};
			name = Release;
		};
		6559463F1F3D6F0D00EB6B64 /* Debug */ = {
			isa = XCBuildConfiguration;
			buildSettings = {
				ASSETCATALOG_COMPILER_APPICON_NAME = AppIcon;
				INFOPLIST_FILE = osia/Info.plist;
				IPHONEOS_DEPLOYMENT_TARGET = 13.0;
				LD_RUNPATH_SEARCH_PATHS = "$(inherited) @executable_path/Frameworks";
				PRODUCT_BUNDLE_IDENTIFIER = dk.osia;
				PRODUCT_NAME = "$(TARGET_NAME)";
				SWIFT_VERSION = 5.0;
			};
			name = Debug;
		};
		655946401F3D6F0D00EB6B64 /* Release */ = {
			isa = XCBuildConfiguration;
			buildSettings = {
				ASSETCATALOG_COMPILER_APPICON_NAME = AppIcon;
				INFOPLIST_FILE = osia/Info.plist;
				IPHONEOS_DEPLOYMENT_TARGET = 13.0;
				LD_RUNPATH_SEARCH_PATHS = "$(inherited) @executable_path/Frameworks";
				PRODUCT_BUNDLE_IDENTIFIER = dk.osia;
				PRODUCT_NAME = "$(TARGET_NAME)";
				SWIFT_VERSION = 5.0;
			};
			name = Release;
		};
/* End XCBuildConfiguration section */

/* Begin XCConfigurationList section */
		655946271F3D6F0D00EB6B64 /* Build configuration list for PBXProject "osia" */ = {
			isa = XCConfigurationList;
			buildConfigurations = (
				6559463C1F3D6F0D00EB6B64 /* Debug */,
				6559463D1F3D6F0D00EB6B64 /* Release */,
			);
			defaultConfigurationIsVisible = 0;
			defaultConfigurationName = Release;
		};
		6559463E1F3D6F0D00EB6B64 /* Build configuration list for PBXNativeTarget "osia" */ = {
			isa = XCConfigurationList;
			buildConfigurations = (
				6559463F1F3D6F0D00EB6B64 /* Debug */,
				655946401F3D6F0D00EB6B64 /* Release */,
			);
			defaultConfigurationIsVisible = 0;
			defaultConfigurationName = Release;
		};
/* End XCConfigurationList section */
	};
	rootObject = 655946241F3D6F0D00EB6B64 /* Project object */;
}
