// !$*UTF8*$!
{
	archiveVersion = 1;
	classes = {
	};
	objectVersion = 46;
	objects = {

/* Begin PBXBuildFile section */
		D65589C31D42A3620033DD9D /* main.m in Sources */ = {isa = PBXBuildFile; fileRef = D65589C21D42A3620033DD9D /* main.m */; };
		D65589C61D42A3620033DD9D /* AppDelegate.m in Sources */ = {isa = PBXBuildFile; fileRef = D65589C51D42A3620033DD9D /* AppDelegate.m */; };
		D65589CE1D42A3620033DD9D /* Assets.xcassets in Resources */ = {isa = PBXBuildFile; fileRef = D65589CD1D42A3620033DD9D /* Assets.xcassets */; };
		D65589D11D42A3620033DD9D /* LaunchScreen.storyboard in Resources */ = {isa = PBXBuildFile; fileRef = D65589CF1D42A3620033DD9D /* LaunchScreen.storyboard */; };
		D65589DC1D42A3620033DD9D /* OSIATests.m in Sources */ = {isa = PBXBuildFile; fileRef = D65589DB1D42A3620033DD9D /* OSIATests.m */; };
		D65589E71D42A3620033DD9D /* OSIAUITests.m in Sources */ = {isa = PBXBuildFile; fileRef = D65589E61D42A3620033DD9D /* OSIAUITests.m */; };
		D65AC8461D42C857009A9AD4 /* Data.m in Sources */ = {isa = PBXBuildFile; fileRef = D65AC8451D42C857009A9AD4 /* Data.m */; };
		D65AC84C1D42DAC0009A9AD4 /* DataViewController.m in Sources */ = {isa = PBXBuildFile; fileRef = D65AC84B1D42DAC0009A9AD4 /* DataViewController.m */; };
		D65AC84F1D466E55009A9AD4 /* Parser.m in Sources */ = {isa = PBXBuildFile; fileRef = D65AC84E1D466E55009A9AD4 /* Parser.m */; };
		D6E80AC61D42A38C00C92657 /* contents.json in Resources */ = {isa = PBXBuildFile; fileRef = D6E80AC51D42A38C00C92657 /* contents.json */; };
/* End PBXBuildFile section */

/* Begin PBXContainerItemProxy section */
		D65589D81D42A3620033DD9D /* PBXContainerItemProxy */ = {
			isa = PBXContainerItemProxy;
			containerPortal = D65589B61D42A3620033DD9D /* Project object */;
			proxyType = 1;
			remoteGlobalIDString = D65589BD1D42A3620033DD9D;
			remoteInfo = OSIA;
		};
		D65589E31D42A3620033DD9D /* PBXContainerItemProxy */ = {
			isa = PBXContainerItemProxy;
			containerPortal = D65589B61D42A3620033DD9D /* Project object */;
			proxyType = 1;
			remoteGlobalIDString = D65589BD1D42A3620033DD9D;
			remoteInfo = OSIA;
		};
/* End PBXContainerItemProxy section */

/* Begin PBXFileReference section */
		D65589BE1D42A3620033DD9D /* OSIA.app */ = {isa = PBXFileReference; explicitFileType = wrapper.application; includeInIndex = 0; path = OSIA.app; sourceTree = BUILT_PRODUCTS_DIR; };
		D65589C21D42A3620033DD9D /* main.m */ = {isa = PBXFileReference; lastKnownFileType = sourcecode.c.objc; path = main.m; sourceTree = "<group>"; };
		D65589C41D42A3620033DD9D /* AppDelegate.h */ = {isa = PBXFileReference; lastKnownFileType = sourcecode.c.h; path = AppDelegate.h; sourceTree = "<group>"; };
		D65589C51D42A3620033DD9D /* AppDelegate.m */ = {isa = PBXFileReference; lastKnownFileType = sourcecode.c.objc; path = AppDelegate.m; sourceTree = "<group>"; };
		D65589CD1D42A3620033DD9D /* Assets.xcassets */ = {isa = PBXFileReference; lastKnownFileType = folder.assetcatalog; path = Assets.xcassets; sourceTree = "<group>"; };
		D65589D01D42A3620033DD9D /* Base */ = {isa = PBXFileReference; lastKnownFileType = file.storyboard; name = Base; path = Base.lproj/LaunchScreen.storyboard; sourceTree = "<group>"; };
		D65589D21D42A3620033DD9D /* Info.plist */ = {isa = PBXFileReference; lastKnownFileType = text.plist.xml; path = Info.plist; sourceTree = "<group>"; };
		D65589D71D42A3620033DD9D /* OSIATests.xctest */ = {isa = PBXFileReference; explicitFileType = wrapper.cfbundle; includeInIndex = 0; path = OSIATests.xctest; sourceTree = BUILT_PRODUCTS_DIR; };
		D65589DB1D42A3620033DD9D /* OSIATests.m */ = {isa = PBXFileReference; lastKnownFileType = sourcecode.c.objc; path = OSIATests.m; sourceTree = "<group>"; };
		D65589DD1D42A3620033DD9D /* Info.plist */ = {isa = PBXFileReference; lastKnownFileType = text.plist.xml; path = Info.plist; sourceTree = "<group>"; };
		D65589E21D42A3620033DD9D /* OSIAUITests.xctest */ = {isa = PBXFileReference; explicitFileType = wrapper.cfbundle; includeInIndex = 0; path = OSIAUITests.xctest; sourceTree = BUILT_PRODUCTS_DIR; };
		D65589E61D42A3620033DD9D /* OSIAUITests.m */ = {isa = PBXFileReference; lastKnownFileType = sourcecode.c.objc; path = OSIAUITests.m; sourceTree = "<group>"; };
		D65589E81D42A3620033DD9D /* Info.plist */ = {isa = PBXFileReference; lastKnownFileType = text.plist.xml; path = Info.plist; sourceTree = "<group>"; };
		D65AC8441D42C857009A9AD4 /* Data.h */ = {isa = PBXFileReference; fileEncoding = 4; lastKnownFileType = sourcecode.c.h; path = Data.h; sourceTree = "<group>"; };
		D65AC8451D42C857009A9AD4 /* Data.m */ = {isa = PBXFileReference; fileEncoding = 4; lastKnownFileType = sourcecode.c.objc; path = Data.m; sourceTree = "<group>"; };
		D65AC84A1D42DAC0009A9AD4 /* DataViewController.h */ = {isa = PBXFileReference; fileEncoding = 4; lastKnownFileType = sourcecode.c.h; path = DataViewController.h; sourceTree = "<group>"; };
		D65AC84B1D42DAC0009A9AD4 /* DataViewController.m */ = {isa = PBXFileReference; fileEncoding = 4; lastKnownFileType = sourcecode.c.objc; path = DataViewController.m; sourceTree = "<group>"; };
		D65AC84D1D466E55009A9AD4 /* Parser.h */ = {isa = PBXFileReference; fileEncoding = 4; lastKnownFileType = sourcecode.c.h; path = Parser.h; sourceTree = "<group>"; };
		D65AC84E1D466E55009A9AD4 /* Parser.m */ = {isa = PBXFileReference; fileEncoding = 4; lastKnownFileType = sourcecode.c.objc; path = Parser.m; sourceTree = "<group>"; };
		D6E80AC51D42A38C00C92657 /* contents.json */ = {isa = PBXFileReference; fileEncoding = 4; lastKnownFileType = text.json; path = contents.json; sourceTree = "<group>"; };
/* End PBXFileReference section */

/* Begin PBXFrameworksBuildPhase section */
		D65589BB1D42A3620033DD9D /* Frameworks */ = {
			isa = PBXFrameworksBuildPhase;
			buildActionMask = 2147483647;
			files = (
			);
			runOnlyForDeploymentPostprocessing = 0;
		};
		D65589D41D42A3620033DD9D /* Frameworks */ = {
			isa = PBXFrameworksBuildPhase;
			buildActionMask = 2147483647;
			files = (
			);
			runOnlyForDeploymentPostprocessing = 0;
		};
		D65589DF1D42A3620033DD9D /* Frameworks */ = {
			isa = PBXFrameworksBuildPhase;
			buildActionMask = 2147483647;
			files = (
			);
			runOnlyForDeploymentPostprocessing = 0;
		};
/* End PBXFrameworksBuildPhase section */

/* Begin PBXGroup section */
		D65589B51D42A3620033DD9D = {
			isa = PBXGroup;
			children = (
				D65589C01D42A3620033DD9D /* OSIA */,
				D65589DA1D42A3620033DD9D /* OSIATests */,
				D65589E51D42A3620033DD9D /* OSIAUITests */,
				D65589BF1D42A3620033DD9D /* Products */,
			);
			sourceTree = "<group>";
		};
		D65589BF1D42A3620033DD9D /* Products */ = {
			isa = PBXGroup;
			children = (
				D65589BE1D42A3620033DD9D /* OSIA.app */,
				D65589D71D42A3620033DD9D /* OSIATests.xctest */,
				D65589E21D42A3620033DD9D /* OSIAUITests.xctest */,
			);
			name = Products;
			sourceTree = "<group>";
		};
		D65589C01D42A3620033DD9D /* OSIA */ = {
			isa = PBXGroup;
			children = (
				D65589C41D42A3620033DD9D /* AppDelegate.h */,
				D65589C51D42A3620033DD9D /* AppDelegate.m */,
				D65589CD1D42A3620033DD9D /* Assets.xcassets */,
				D6E80AC51D42A38C00C92657 /* contents.json */,
				D65AC8441D42C857009A9AD4 /* Data.h */,
				D65AC8451D42C857009A9AD4 /* Data.m */,
				D65AC84A1D42DAC0009A9AD4 /* DataViewController.h */,
				D65AC84B1D42DAC0009A9AD4 /* DataViewController.m */,
				D65589D21D42A3620033DD9D /* Info.plist */,
				D65589CF1D42A3620033DD9D /* LaunchScreen.storyboard */,
				D65AC84D1D466E55009A9AD4 /* Parser.h */,
				D65AC84E1D466E55009A9AD4 /* Parser.m */,
				D65589C11D42A3620033DD9D /* Supporting Files */,
			);
			path = OSIA;
			sourceTree = "<group>";
		};
		D65589C11D42A3620033DD9D /* Supporting Files */ = {
			isa = PBXGroup;
			children = (
				D65589C21D42A3620033DD9D /* main.m */,
			);
			name = "Supporting Files";
			sourceTree = "<group>";
		};
		D65589DA1D42A3620033DD9D /* OSIATests */ = {
			isa = PBXGroup;
			children = (
				D65589DB1D42A3620033DD9D /* OSIATests.m */,
				D65589DD1D42A3620033DD9D /* Info.plist */,
			);
			path = OSIATests;
			sourceTree = "<group>";
		};
		D65589E51D42A3620033DD9D /* OSIAUITests */ = {
			isa = PBXGroup;
			children = (
				D65589E61D42A3620033DD9D /* OSIAUITests.m */,
				D65589E81D42A3620033DD9D /* Info.plist */,
			);
			path = OSIAUITests;
			sourceTree = "<group>";
		};
/* End PBXGroup section */

/* Begin PBXNativeTarget section */
		D65589BD1D42A3620033DD9D /* OSIA */ = {
			isa = PBXNativeTarget;
			buildConfigurationList = D65589EB1D42A3620033DD9D /* Build configuration list for PBXNativeTarget "OSIA" */;
			buildPhases = (
				D65589BA1D42A3620033DD9D /* Sources */,
				D65589BB1D42A3620033DD9D /* Frameworks */,
				D65589BC1D42A3620033DD9D /* Resources */,
			);
			buildRules = (
			);
			dependencies = (
			);
			name = OSIA;
			productName = OSIA;
			productReference = D65589BE1D42A3620033DD9D /* OSIA.app */;
			productType = "com.apple.product-type.application";
		};
		D65589D61D42A3620033DD9D /* OSIATests */ = {
			isa = PBXNativeTarget;
			buildConfigurationList = D65589EE1D42A3620033DD9D /* Build configuration list for PBXNativeTarget "OSIATests" */;
			buildPhases = (
				D65589D31D42A3620033DD9D /* Sources */,
				D65589D41D42A3620033DD9D /* Frameworks */,
				D65589D51D42A3620033DD9D /* Resources */,
			);
			buildRules = (
			);
			dependencies = (
				D65589D91D42A3620033DD9D /* PBXTargetDependency */,
			);
			name = OSIATests;
			productName = OSIATests;
			productReference = D65589D71D42A3620033DD9D /* OSIATests.xctest */;
			productType = "com.apple.product-type.bundle.unit-test";
		};
		D65589E11D42A3620033DD9D /* OSIAUITests */ = {
			isa = PBXNativeTarget;
			buildConfigurationList = D65589F11D42A3620033DD9D /* Build configuration list for PBXNativeTarget "OSIAUITests" */;
			buildPhases = (
				D65589DE1D42A3620033DD9D /* Sources */,
				D65589DF1D42A3620033DD9D /* Frameworks */,
				D65589E01D42A3620033DD9D /* Resources */,
			);
			buildRules = (
			);
			dependencies = (
				D65589E41D42A3620033DD9D /* PBXTargetDependency */,
			);
			name = OSIAUITests;
			productName = OSIAUITests;
			productReference = D65589E21D42A3620033DD9D /* OSIAUITests.xctest */;
			productType = "com.apple.product-type.bundle.ui-testing";
		};
/* End PBXNativeTarget section */

/* Begin PBXProject section */
		D65589B61D42A3620033DD9D /* Project object */ = {
			isa = PBXProject;
			attributes = {
				LastUpgradeCheck = 0720;
				ORGANIZATIONNAME = dkhamsing;
				TargetAttributes = {
					D65589BD1D42A3620033DD9D = {
						CreatedOnToolsVersion = 7.2.1;
					};
					D65589D61D42A3620033DD9D = {
						CreatedOnToolsVersion = 7.2.1;
						TestTargetID = D65589BD1D42A3620033DD9D;
					};
					D65589E11D42A3620033DD9D = {
						CreatedOnToolsVersion = 7.2.1;
						TestTargetID = D65589BD1D42A3620033DD9D;
					};
				};
			};
			buildConfigurationList = D65589B91D42A3620033DD9D /* Build configuration list for PBXProject "OSIA" */;
			compatibilityVersion = "Xcode 3.2";
			developmentRegion = English;
			hasScannedForEncodings = 0;
			knownRegions = (
				en,
				Base,
			);
			mainGroup = D65589B51D42A3620033DD9D;
			productRefGroup = D65589BF1D42A3620033DD9D /* Products */;
			projectDirPath = "";
			projectRoot = "";
			targets = (
				D65589BD1D42A3620033DD9D /* OSIA */,
				D65589D61D42A3620033DD9D /* OSIATests */,
				D65589E11D42A3620033DD9D /* OSIAUITests */,
			);
		};
/* End PBXProject section */

/* Begin PBXResourcesBuildPhase section */
		D65589BC1D42A3620033DD9D /* Resources */ = {
			isa = PBXResourcesBuildPhase;
			buildActionMask = 2147483647;
			files = (
				D65589D11D42A3620033DD9D /* LaunchScreen.storyboard in Resources */,
				D65589CE1D42A3620033DD9D /* Assets.xcassets in Resources */,
				D6E80AC61D42A38C00C92657 /* contents.json in Resources */,
			);
			runOnlyForDeploymentPostprocessing = 0;
		};
		D65589D51D42A3620033DD9D /* Resources */ = {
			isa = PBXResourcesBuildPhase;
			buildActionMask = 2147483647;
			files = (
			);
			runOnlyForDeploymentPostprocessing = 0;
		};
		D65589E01D42A3620033DD9D /* Resources */ = {
			isa = PBXResourcesBuildPhase;
			buildActionMask = 2147483647;
			files = (
			);
			runOnlyForDeploymentPostprocessing = 0;
		};
/* End PBXResourcesBuildPhase section */

/* Begin PBXSourcesBuildPhase section */
		D65589BA1D42A3620033DD9D /* Sources */ = {
			isa = PBXSourcesBuildPhase;
			buildActionMask = 2147483647;
			files = (
				D65589C61D42A3620033DD9D /* AppDelegate.m in Sources */,
				D65589C31D42A3620033DD9D /* main.m in Sources */,
				D65AC8461D42C857009A9AD4 /* Data.m in Sources */,
				D65AC84F1D466E55009A9AD4 /* Parser.m in Sources */,
				D65AC84C1D42DAC0009A9AD4 /* DataViewController.m in Sources */,
			);
			runOnlyForDeploymentPostprocessing = 0;
		};
		D65589D31D42A3620033DD9D /* Sources */ = {
			isa = PBXSourcesBuildPhase;
			buildActionMask = 2147483647;
			files = (
				D65589DC1D42A3620033DD9D /* OSIATests.m in Sources */,
			);
			runOnlyForDeploymentPostprocessing = 0;
		};
		D65589DE1D42A3620033DD9D /* Sources */ = {
			isa = PBXSourcesBuildPhase;
			buildActionMask = 2147483647;
			files = (
				D65589E71D42A3620033DD9D /* OSIAUITests.m in Sources */,
			);
			runOnlyForDeploymentPostprocessing = 0;
		};
/* End PBXSourcesBuildPhase section */

/* Begin PBXTargetDependency section */
		D65589D91D42A3620033DD9D /* PBXTargetDependency */ = {
			isa = PBXTargetDependency;
			target = D65589BD1D42A3620033DD9D /* OSIA */;
			targetProxy = D65589D81D42A3620033DD9D /* PBXContainerItemProxy */;
		};
		D65589E41D42A3620033DD9D /* PBXTargetDependency */ = {
			isa = PBXTargetDependency;
			target = D65589BD1D42A3620033DD9D /* OSIA */;
			targetProxy = D65589E31D42A3620033DD9D /* PBXContainerItemProxy */;
		};
/* End PBXTargetDependency section */

/* Begin PBXVariantGroup section */
		D65589CF1D42A3620033DD9D /* LaunchScreen.storyboard */ = {
			isa = PBXVariantGroup;
			children = (
				D65589D01D42A3620033DD9D /* Base */,
			);
			name = LaunchScreen.storyboard;
			sourceTree = "<group>";
		};
/* End PBXVariantGroup section */

/* Begin XCBuildConfiguration section */
		D65589E91D42A3620033DD9D /* Debug */ = {
			isa = XCBuildConfiguration;
			buildSettings = {
				ALWAYS_SEARCH_USER_PATHS = NO;
				CLANG_CXX_LANGUAGE_STANDARD = "gnu++0x";
				CLANG_CXX_LIBRARY = "libc++";
				CLANG_ENABLE_MODULES = YES;
				CLANG_ENABLE_OBJC_ARC = YES;
				CLANG_WARN_BOOL_CONVERSION = YES;
				CLANG_WARN_CONSTANT_CONVERSION = YES;
				CLANG_WARN_DIRECT_OBJC_ISA_USAGE = YES_ERROR;
				CLANG_WARN_EMPTY_BODY = YES;
				CLANG_WARN_ENUM_CONVERSION = YES;
				CLANG_WARN_INT_CONVERSION = YES;
				CLANG_WARN_OBJC_ROOT_CLASS = YES_ERROR;
				CLANG_WARN_UNREACHABLE_CODE = YES;
				CLANG_WARN__DUPLICATE_METHOD_MATCH = YES;
				"CODE_SIGN_IDENTITY[sdk=iphoneos*]" = "iPhone Developer";
				COPY_PHASE_STRIP = NO;
				DEBUG_INFORMATION_FORMAT = dwarf;
				ENABLE_STRICT_OBJC_MSGSEND = YES;
				ENABLE_TESTABILITY = YES;
				GCC_C_LANGUAGE_STANDARD = gnu99;
				GCC_DYNAMIC_NO_PIC = NO;
				GCC_NO_COMMON_BLOCKS = YES;
				GCC_OPTIMIZATION_LEVEL = 0;
				GCC_PREPROCESSOR_DEFINITIONS = (
					"DEBUG=1",
					"$(inherited)",
				);
				GCC_WARN_64_TO_32_BIT_CONVERSION = YES;
				GCC_WARN_ABOUT_RETURN_TYPE = YES_ERROR;
				GCC_WARN_UNDECLARED_SELECTOR = YES;
				GCC_WARN_UNINITIALIZED_AUTOS = YES_AGGRESSIVE;
				GCC_WARN_UNUSED_FUNCTION = YES;
				GCC_WARN_UNUSED_VARIABLE = YES;
				IPHONEOS_DEPLOYMENT_TARGET = 9.2;
				MTL_ENABLE_DEBUG_INFO = YES;
				ONLY_ACTIVE_ARCH = YES;
				SDKROOT = iphoneos;
				TARGETED_DEVICE_FAMILY = "1,2";
			};
			name = Debug;
		};
		D65589EA1D42A3620033DD9D /* Release */ = {
			isa = XCBuildConfiguration;
			buildSettings = {
				ALWAYS_SEARCH_USER_PATHS = NO;
				CLANG_CXX_LANGUAGE_STANDARD = "gnu++0x";
				CLANG_CXX_LIBRARY = "libc++";
				CLANG_ENABLE_MODULES = YES;
				CLANG_ENABLE_OBJC_ARC = YES;
				CLANG_WARN_BOOL_CONVERSION = YES;
				CLANG_WARN_CONSTANT_CONVERSION = YES;
				CLANG_WARN_DIRECT_OBJC_ISA_USAGE = YES_ERROR;
				CLANG_WARN_EMPTY_BODY = YES;
				CLANG_WARN_ENUM_CONVERSION = YES;
				CLANG_WARN_INT_CONVERSION = YES;
				CLANG_WARN_OBJC_ROOT_CLASS = YES_ERROR;
				CLANG_WARN_UNREACHABLE_CODE = YES;
				CLANG_WARN__DUPLICATE_METHOD_MATCH = YES;
				"CODE_SIGN_IDENTITY[sdk=iphoneos*]" = "iPhone Developer";
				COPY_PHASE_STRIP = NO;
				DEBUG_INFORMATION_FORMAT = "dwarf-with-dsym";
				ENABLE_NS_ASSERTIONS = NO;
				ENABLE_STRICT_OBJC_MSGSEND = YES;
				GCC_C_LANGUAGE_STANDARD = gnu99;
				GCC_NO_COMMON_BLOCKS = YES;
				GCC_WARN_64_TO_32_BIT_CONVERSION = YES;
				GCC_WARN_ABOUT_RETURN_TYPE = YES_ERROR;
				GCC_WARN_UNDECLARED_SELECTOR = YES;
				GCC_WARN_UNINITIALIZED_AUTOS = YES_AGGRESSIVE;
				GCC_WARN_UNUSED_FUNCTION = YES;
				GCC_WARN_UNUSED_VARIABLE = YES;
				IPHONEOS_DEPLOYMENT_TARGET = 9.2;
				MTL_ENABLE_DEBUG_INFO = NO;
				SDKROOT = iphoneos;
				TARGETED_DEVICE_FAMILY = "1,2";
				VALIDATE_PRODUCT = YES;
			};
			name = Release;
		};
		D65589EC1D42A3620033DD9D /* Debug */ = {
			isa = XCBuildConfiguration;
			buildSettings = {
				ASSETCATALOG_COMPILER_APPICON_NAME = AppIcon;
				INFOPLIST_FILE = OSIA/Info.plist;
				LD_RUNPATH_SEARCH_PATHS = "$(inherited) @executable_path/Frameworks";
				PRODUCT_BUNDLE_IDENTIFIER = com.dkhamsing.osia;
				PRODUCT_NAME = "$(TARGET_NAME)";
			};
			name = Debug;
		};
		D65589ED1D42A3620033DD9D /* Release */ = {
			isa = XCBuildConfiguration;
			buildSettings = {
				ASSETCATALOG_COMPILER_APPICON_NAME = AppIcon;
				INFOPLIST_FILE = OSIA/Info.plist;
				LD_RUNPATH_SEARCH_PATHS = "$(inherited) @executable_path/Frameworks";
				PRODUCT_BUNDLE_IDENTIFIER = com.dkhamsing.osia;
				PRODUCT_NAME = "$(TARGET_NAME)";
			};
			name = Release;
		};
		D65589EF1D42A3620033DD9D /* Debug */ = {
			isa = XCBuildConfiguration;
			buildSettings = {
				BUNDLE_LOADER = "$(TEST_HOST)";
				INFOPLIST_FILE = OSIATests/Info.plist;
				LD_RUNPATH_SEARCH_PATHS = "$(inherited) @executable_path/Frameworks @loader_path/Frameworks";
				PRODUCT_BUNDLE_IDENTIFIER = com.dkhamsing.osia.OSIATests;
				PRODUCT_NAME = "$(TARGET_NAME)";
				TEST_HOST = "$(BUILT_PRODUCTS_DIR)/OSIA.app/OSIA";
			};
			name = Debug;
		};
		D65589F01D42A3620033DD9D /* Release */ = {
			isa = XCBuildConfiguration;
			buildSettings = {
				BUNDLE_LOADER = "$(TEST_HOST)";
				INFOPLIST_FILE = OSIATests/Info.plist;
				LD_RUNPATH_SEARCH_PATHS = "$(inherited) @executable_path/Frameworks @loader_path/Frameworks";
				PRODUCT_BUNDLE_IDENTIFIER = com.dkhamsing.osia.OSIATests;
				PRODUCT_NAME = "$(TARGET_NAME)";
				TEST_HOST = "$(BUILT_PRODUCTS_DIR)/OSIA.app/OSIA";
			};
			name = Release;
		};
		D65589F21D42A3620033DD9D /* Debug */ = {
			isa = XCBuildConfiguration;
			buildSettings = {
				INFOPLIST_FILE = OSIAUITests/Info.plist;
				LD_RUNPATH_SEARCH_PATHS = "$(inherited) @executable_path/Frameworks @loader_path/Frameworks";
				PRODUCT_BUNDLE_IDENTIFIER = com.dkhamsing.osia.OSIAUITests;
				PRODUCT_NAME = "$(TARGET_NAME)";
				TEST_TARGET_NAME = OSIA;
				USES_XCTRUNNER = YES;
			};
			name = Debug;
		};
		D65589F31D42A3620033DD9D /* Release */ = {
			isa = XCBuildConfiguration;
			buildSettings = {
				INFOPLIST_FILE = OSIAUITests/Info.plist;
				LD_RUNPATH_SEARCH_PATHS = "$(inherited) @executable_path/Frameworks @loader_path/Frameworks";
				PRODUCT_BUNDLE_IDENTIFIER = com.dkhamsing.osia.OSIAUITests;
				PRODUCT_NAME = "$(TARGET_NAME)";
				TEST_TARGET_NAME = OSIA;
				USES_XCTRUNNER = YES;
			};
			name = Release;
		};
/* End XCBuildConfiguration section */

/* Begin XCConfigurationList section */
		D65589B91D42A3620033DD9D /* Build configuration list for PBXProject "OSIA" */ = {
			isa = XCConfigurationList;
			buildConfigurations = (
				D65589E91D42A3620033DD9D /* Debug */,
				D65589EA1D42A3620033DD9D /* Release */,
			);
			defaultConfigurationIsVisible = 0;
			defaultConfigurationName = Release;
		};
		D65589EB1D42A3620033DD9D /* Build configuration list for PBXNativeTarget "OSIA" */ = {
			isa = XCConfigurationList;
			buildConfigurations = (
				D65589EC1D42A3620033DD9D /* Debug */,
				D65589ED1D42A3620033DD9D /* Release */,
			);
			defaultConfigurationIsVisible = 0;
			defaultConfigurationName = Release;
		};
		D65589EE1D42A3620033DD9D /* Build configuration list for PBXNativeTarget "OSIATests" */ = {
			isa = XCConfigurationList;
			buildConfigurations = (
				D65589EF1D42A3620033DD9D /* Debug */,
				D65589F01D42A3620033DD9D /* Release */,
			);
			defaultConfigurationIsVisible = 0;
			defaultConfigurationName = Release;
		};
		D65589F11D42A3620033DD9D /* Build configuration list for PBXNativeTarget "OSIAUITests" */ = {
			isa = XCConfigurationList;
			buildConfigurations = (
				D65589F21D42A3620033DD9D /* Debug */,
				D65589F31D42A3620033DD9D /* Release */,
			);
			defaultConfigurationIsVisible = 0;
			defaultConfigurationName = Release;
		};
/* End XCConfigurationList section */
	};
	rootObject = D65589B61D42A3620033DD9D /* Project object */;
}
